
Microsoft Visual Studio Solution File, Format Version 12.00
# Visual Studio 14
VisualStudioVersion = 14.0.25420.1
MinimumVisualStudioVersion = 10.0.40219.1
Project("{FAE04EC0-301F-11D3-BF4B-00C04F79EFBC}") = "ViewsInEFCoreWorkaround", "ViewsInEFCoreWorkaround\ViewsInEFCoreWorkaround.csproj", "{D4A95A30-616B-4D68-99B7-CDDB44F0BBF1}"
EndProject
Project("{FAE04EC0-301F-11D3-BF4B-00C04F79EFBC}") = "ViewsInEFCoreWorkaround.Tests", "ViewsInEFCoreWorkaround.Tests\ViewsInEFCoreWorkaround.Tests.csproj", "{480C218D-D82A-4884-873C-85A49FAEE836}"
EndProject
Global
	GlobalSection(SolutionConfigurationPlatforms) = preSolution
		Debug|Any CPU = Debug|Any CPU
		Release|Any CPU = Release|Any CPU
	EndGlobalSection
	GlobalSection(ProjectConfigurationPlatforms) = postSolution
		{D4A95A30-616B-4D68-99B7-CDDB44F0BBF1}.Debug|Any CPU.ActiveCfg = Debug|Any CPU
		{D4A95A30-616B-4D68-99B7-CDDB44F0BBF1}.Debug|Any CPU.Build.0 = Debug|Any CPU
		{D4A95A30-616B-4D68-99B7-CDDB44F0BBF1}.Release|Any CPU.ActiveCfg = Release|Any CPU
		{D4A95A30-616B-4D68-99B7-CDDB44F0BBF1}.Release|Any CPU.Build.0 = Release|Any CPU
		{480C218D-D82A-4884-873C-85A49FAEE836}.Debug|Any CPU.ActiveCfg = Debug|Any CPU
		{480C218D-D82A-4884-873C-85A49FAEE836}.Debug|Any CPU.Build.0 = Debug|Any CPU
		{480C218D-D82A-4884-873C-85A49FAEE836}.Release|Any CPU.ActiveCfg = Release|Any CPU
		{480C218D-D82A-4884-873C-85A49FAEE836}.Release|Any CPU.Build.0 = Release|Any CPU
	EndGlobalSection
	GlobalSection(SolutionProperties) = preSolution
		HideSolutionNode = FALSE
	EndGlobalSection
EndGlobal
